
Microsoft Visual Studio Solution File, Format Version 12.00
# Visual Studio Version 17
VisualStudioVersion = 17.5.33530.505
MinimumVisualStudioVersion = 10.0.40219.1
Project("{FAE04EC0-301F-11D3-BF4B-00C04F79EFBC}") = "SoundWave", "SoundWave.csproj", "{1B64FFE5-1120-4DA8-8A63-725191A43082}"
EndProject
Global
	GlobalSection(SolutionConfigurationPlatforms) = preSolution
		Debug|Any CPU = Debug|Any CPU
		Release|Any CPU = Release|Any CPU
	EndGlobalSection
	GlobalSection(ProjectConfigurationPlatforms) = postSolution
		{1B64FFE5-1120-4DA8-8A63-725191A43082}.Debug|Any CPU.ActiveCfg = Debug|Any CPU
		{1B64FFE5-1120-4DA8-8A63-725191A43082}.Debug|Any CPU.Build.0 = Debug|Any CPU
		{1B64FFE5-1120-4DA8-8A63-725191A43082}.Release|Any CPU.ActiveCfg = Release|Any CPU
		{1B64FFE5-1120-4DA8-8A63-725191A43082}.Release|Any CPU.Build.0 = Release|Any CPU
	EndGlobalSection
	GlobalSection(SolutionProperties) = preSolution
		HideSolutionNode = FALSE
	EndGlobalSection
	GlobalSection(ExtensibilityGlobals) = postSolution
		SolutionGuid = {3E2A0D73-B000-4E9D-8BAD-40FC108B5B56}
	EndGlobalSection
EndGlobal
